lockfileVersion: '9.0'

settings:
  autoInstallPeers: true
  excludeLinksFromLockfile: false

importers:

  .:
    dependencies:
      '@tanstack/react-router':
        specifier: ^1.131.41
        version: 1.131.41(react-dom@19.1.1(react@19.1.1))(react@19.1.1)
      '@tanstack/router-devtools':
        specifier: ^1.131.42
        version: 1.131.42(@tanstack/react-router@1.131.41(react-dom@19.1.1(react@19.1.1))(react@19.1.1))(@tanstack/router-core@1.131.41)(csstype@3.1.3)(react-dom@19.1.1(react@19.1.1))(react@19.1.1)(solid-js@1.9.9)(tiny-invariant@1.3.3)
      framer-motion:
        specifier: ^12.23.12
        version: 12.23.12(react-dom@19.1.1(react@19.1.1))(react@19.1.1)
      howler:
        specifier: ^2.2.4
        version: 2.2.4
      react:
        specifier: ^19.1.1
        version: 19.1.1
      react-dom:
        specifier: ^19.1.1
        version: 19.1.1(react@19.1.1)
      zustand:
        specifier: ^5.0.8
        version: 5.0.8(react@19.1.1)(use-sync-external-store@1.5.0(react@19.1.1))

packages:

  '@tanstack/history@1.131.2':
    resolution: {integrity: sha512-cs1WKawpXIe+vSTeiZUuSBy8JFjEuDgdMKZFRLKwQysKo8y2q6Q1HvS74Yw+m5IhOW1nTZooa6rlgdfXcgFAaw==}
    engines: {node: '>=12'}

  '@tanstack/react-router-devtools@1.131.42':
    resolution: {integrity: sha512-7pymFB1CCimRHot2Zp0ZekQjd1iN812V88n9NLPSeiv9sVRtRVIaLphJjDeudx1NNgkfSJPx2lOhz6K38cuZog==}
    engines: {node: '>=12'}
    peerDependencies:
      '@tanstack/react-router': ^1.131.41
      react: '>=18.0.0 || >=19.0.0'
      react-dom: '>=18.0.0 || >=19.0.0'

  '@tanstack/react-router@1.131.41':
    resolution: {integrity: sha512-QEbTYpAosiD8e4qEZRr9aJipGSb8pQc+pfZwK6NCD2Tcxwu2oF6MVtwv0bIDLRpZP0VJMBpxXlTRISUDNMNqIA==}
    engines: {node: '>=12'}
    peerDependencies:
      react: '>=18.0.0 || >=19.0.0'
      react-dom: '>=18.0.0 || >=19.0.0'

  '@tanstack/react-store@0.7.5':
    resolution: {integrity: sha512-A+WZtEnHZpvbKXm8qR+xndNKywBLez2KKKKEQc7w0Qs45GvY1LpRI3BTZNmELwEVim8+Apf99iEDH2J+MUIzlQ==}
    peerDependencies:
      react: ^16.8.0 || ^17.0.0 || ^18.0.0 || ^19.0.0
      react-dom: ^16.8.0 || ^17.0.0 || ^18.0.0 || ^19.0.0

  '@tanstack/router-core@1.131.41':
    resolution: {integrity: sha512-VoLly00DWM0abKuVPRm8wiwGtRBHOKs6K896fy48Q/KYoDVLs8kRCRjFGS7rGnYC2FIkmmvHqYRqNg7jgCx2yg==}
    engines: {node: '>=12'}

  '@tanstack/router-devtools-core@1.131.42':
    resolution: {integrity: sha512-o8jKTiwXcUSjmkozcMjIw1yhjVYeXcuQO7DtfgjKW3B85iveH6VzYK+bGEVU7wmLNMuUSe2eI/7RBzJ6a5+MCA==}
    engines: {node: '>=12'}
    peerDependencies:
      '@tanstack/router-core': ^1.131.41
      csstype: ^3.0.10
      solid-js: '>=1.9.5'
      tiny-invariant: ^1.3.3
    peerDependenciesMeta:
      csstype:
        optional: true

  '@tanstack/router-devtools@1.131.42':
    resolution: {integrity: sha512-iWJzr4aN/IOsDSaF/kysM7tPSYj89hnzcWMKNuYN9redIwHgg7rNZ4toKhfNWYNfzxdhKwL9/Yvpf7bDemyc+Q==}
    engines: {node: '>=12'}
    peerDependencies:
      '@tanstack/react-router': ^1.131.41
      csstype: ^3.0.10
      react: '>=18.0.0 || >=19.0.0'
      react-dom: '>=18.0.0 || >=19.0.0'
    peerDependenciesMeta:
      csstype:
        optional: true

  '@tanstack/store@0.7.5':
    resolution: {integrity: sha512-qd/OjkjaFRKqKU4Yjipaen/EOB9MyEg6Wr9fW103RBPACf1ZcKhbhcu2S5mj5IgdPib6xFIgCUti/mKVkl+fRw==}

  clsx@2.1.1:
    resolution: {integrity: sha512-eYm0QWBtUrBWZWG0d386OGAw16Z995PiOVo2B7bjWSbHedGl5e0ZWaq65kOGgUSNesEIDkB9ISbTg/JK9dhCZA==}
    engines: {node: '>=6'}

  cookie-es@1.2.2:
    resolution: {integrity: sha512-+W7VmiVINB+ywl1HGXJXmrqkOhpKrIiVZV6tQuV54ZyQC7MMuBt81Vc336GMLoHBq5hV/F9eXgt5Mnx0Rha5Fg==}

  csstype@3.1.3:
    resolution: {integrity: sha512-M1uQkMl8rQK/szD0LNhtqxIPLpimGm8sOBwU7lLnCpSbTyY3yeU1Vc7l4KT5zT4s/yOxHH5O7tIuuLOCnLADRw==}

  framer-motion@12.23.12:
    resolution: {integrity: sha512-6e78rdVtnBvlEVgu6eFEAgG9v3wLnYEboM8I5O5EXvfKC8gxGQB8wXJdhkMy10iVcn05jl6CNw7/HTsTCfwcWg==}
    peerDependencies:
      '@emotion/is-prop-valid': '*'
      react: ^18.0.0 || ^19.0.0
      react-dom: ^18.0.0 || ^19.0.0
    peerDependenciesMeta:
      '@emotion/is-prop-valid':
        optional: true
      react:
        optional: true
      react-dom:
        optional: true

  goober@2.1.16:
    resolution: {integrity: sha512-erjk19y1U33+XAMe1VTvIONHYoSqE4iS7BYUZfHaqeohLmnC0FdxEh7rQU+6MZ4OajItzjZFSRtVANrQwNq6/g==}
    peerDependencies:
      csstype: ^3.0.10

  howler@2.2.4:
    resolution: {integrity: sha512-iARIBPgcQrwtEr+tALF+rapJ8qSc+Set2GJQl7xT1MQzWaVkFebdJhR3alVlSiUf5U7nAANKuj3aWpwerocD5w==}

  isbot@5.1.30:
    resolution: {integrity: sha512-3wVJEonAns1OETX83uWsk5IAne2S5zfDcntD2hbtU23LelSqNXzXs9zKjMPOLMzroCgIjCfjYAEHrd2D6FOkiA==}
    engines: {node: '>=18'}

  motion-dom@12.23.12:
    resolution: {integrity: sha512-RcR4fvMCTESQBD/uKQe49D5RUeDOokkGRmz4ceaJKDBgHYtZtntC/s2vLvY38gqGaytinij/yi3hMcWVcEF5Kw==}

  motion-utils@12.23.6:
    resolution: {integrity: sha512-eAWoPgr4eFEOFfg2WjIsMoqJTW6Z8MTUCgn/GZ3VRpClWBdnbjryiA3ZSNLyxCTmCQx4RmYX6jX1iWHbenUPNQ==}

  react-dom@19.1.1:
    resolution: {integrity: sha512-Dlq/5LAZgF0Gaz6yiqZCf6VCcZs1ghAJyrsu84Q/GT0gV+mCxbfmKNoGRKBYMJ8IEdGPqu49YWXD02GCknEDkw==}
    peerDependencies:
      react: ^19.1.1

  react@19.1.1:
    resolution: {integrity: sha512-w8nqGImo45dmMIfljjMwOGtbmC/mk4CMYhWIicdSflH91J9TyCyczcPFXJzrZ/ZXcgGRFeP6BU0BEJTw6tZdfQ==}
    engines: {node: '>=0.10.0'}

  scheduler@0.26.0:
    resolution: {integrity: sha512-NlHwttCI/l5gCPR3D1nNXtWABUmBwvZpEQiD4IXSbIDq8BzLIK/7Ir5gTFSGZDUu37K5cMNp0hFtzO38sC7gWA==}

  seroval-plugins@1.3.3:
    resolution: {integrity: sha512-16OL3NnUBw8JG1jBLUoZJsLnQq0n5Ua6aHalhJK4fMQkz1lqR7Osz1sA30trBtd9VUDc2NgkuRCn8+/pBwqZ+w==}
    engines: {node: '>=10'}
    peerDependencies:
      seroval: ^1.0

  seroval@1.3.2:
    resolution: {integrity: sha512-RbcPH1n5cfwKrru7v7+zrZvjLurgHhGyso3HTyGtRivGWgYjbOmGuivCQaORNELjNONoK35nj28EoWul9sb1zQ==}
    engines: {node: '>=10'}

  solid-js@1.9.9:
    resolution: {integrity: sha512-A0ZBPJQldAeGCTW0YRYJmt7RCeh5rbFfPZ2aOttgYnctHE7HgKeHCBB/PVc2P7eOfmNXqMFFFoYYdm3S4dcbkA==}

  tiny-invariant@1.3.3:
    resolution: {integrity: sha512-+FbBPE1o9QAYvviau/qC5SE3caw21q3xkvWKBtja5vgqOWIHHJ3ioaq1VPfn/Szqctz2bU/oYeKd9/z5BL+PVg==}

  tiny-warning@1.0.3:
    resolution: {integrity: sha512-lBN9zLN/oAf68o3zNXYrdCt1kP8WsiGW8Oo2ka41b2IM5JL/S1CTyX1rW0mb/zSuJun0ZUrDxx4sqvYS2FWzPA==}

  tslib@2.8.1:
    resolution: {integrity: sha512-oJFu94HQb+KVduSUQL7wnpmqnfmLsOA/nAh6b6EH0wCEoK0/mPeXU6c3wKDV83MkOuHPRHtSXKKU99IBazS/2w==}

  use-sync-external-store@1.5.0:
    resolution: {integrity: sha512-Rb46I4cGGVBmjamjphe8L/UnvJD+uPPtTkNvX5mZgqdbavhI4EbgIWJiIHXJ8bc/i9EQGPRh4DwEURJ552Do0A==}
    peerDependencies:
      react: ^16.8.0 || ^17.0.0 || ^18.0.0 || ^19.0.0

  zustand@5.0.8:
    resolution: {integrity: sha512-gyPKpIaxY9XcO2vSMrLbiER7QMAMGOQZVRdJ6Zi782jkbzZygq5GI9nG8g+sMgitRtndwaBSl7uiqC49o1SSiw==}
    engines: {node: '>=12.20.0'}
    peerDependencies:
      '@types/react': '>=18.0.0'
      immer: '>=9.0.6'
      react: '>=18.0.0'
      use-sync-external-store: '>=1.2.0'
    peerDependenciesMeta:
      '@types/react':
        optional: true
      immer:
        optional: true
      react:
        optional: true
      use-sync-external-store:
        optional: true

snapshots:

  '@tanstack/history@1.131.2': {}

  '@tanstack/react-router-devtools@1.131.42(@tanstack/react-router@1.131.41(react-dom@19.1.1(react@19.1.1))(react@19.1.1))(@tanstack/router-core@1.131.41)(csstype@3.1.3)(react-dom@19.1.1(react@19.1.1))(react@19.1.1)(solid-js@1.9.9)(tiny-invariant@1.3.3)':
    dependencies:
      '@tanstack/react-router': 1.131.41(react-dom@19.1.1(react@19.1.1))(react@19.1.1)
      '@tanstack/router-devtools-core': 1.131.42(@tanstack/router-core@1.131.41)(csstype@3.1.3)(solid-js@1.9.9)(tiny-invariant@1.3.3)
      react: 19.1.1
      react-dom: 19.1.1(react@19.1.1)
    transitivePeerDependencies:
      - '@tanstack/router-core'
      - csstype
      - solid-js
      - tiny-invariant

  '@tanstack/react-router@1.131.41(react-dom@19.1.1(react@19.1.1))(react@19.1.1)':
    dependencies:
      '@tanstack/history': 1.131.2
      '@tanstack/react-store': 0.7.5(react-dom@19.1.1(react@19.1.1))(react@19.1.1)
      '@tanstack/router-core': 1.131.41
      isbot: 5.1.30
      react: 19.1.1
      react-dom: 19.1.1(react@19.1.1)
      tiny-invariant: 1.3.3
      tiny-warning: 1.0.3

  '@tanstack/react-store@0.7.5(react-dom@19.1.1(react@19.1.1))(react@19.1.1)':
    dependencies:
      '@tanstack/store': 0.7.5
      react: 19.1.1
      react-dom: 19.1.1(react@19.1.1)
      use-sync-external-store: 1.5.0(react@19.1.1)

  '@tanstack/router-core@1.131.41':
    dependencies:
      '@tanstack/history': 1.131.2
      '@tanstack/store': 0.7.5
      cookie-es: 1.2.2
      seroval: 1.3.2
      seroval-plugins: 1.3.3(seroval@1.3.2)
      tiny-invariant: 1.3.3
      tiny-warning: 1.0.3

  '@tanstack/router-devtools-core@1.131.42(@tanstack/router-core@1.131.41)(csstype@3.1.3)(solid-js@1.9.9)(tiny-invariant@1.3.3)':
    dependencies:
      '@tanstack/router-core': 1.131.41
      clsx: 2.1.1
      goober: 2.1.16(csstype@3.1.3)
      solid-js: 1.9.9
      tiny-invariant: 1.3.3
    optionalDependencies:
      csstype: 3.1.3

  '@tanstack/router-devtools@1.131.42(@tanstack/react-router@1.131.41(react-dom@19.1.1(react@19.1.1))(react@19.1.1))(@tanstack/router-core@1.131.41)(csstype@3.1.3)(react-dom@19.1.1(react@19.1.1))(react@19.1.1)(solid-js@1.9.9)(tiny-invariant@1.3.3)':
    dependencies:
      '@tanstack/react-router': 1.131.41(react-dom@19.1.1(react@19.1.1))(react@19.1.1)
      '@tanstack/react-router-devtools': 1.131.42(@tanstack/react-router@1.131.41(react-dom@19.1.1(react@19.1.1))(react@19.1.1))(@tanstack/router-core@1.131.41)(csstype@3.1.3)(react-dom@19.1.1(react@19.1.1))(react@19.1.1)(solid-js@1.9.9)(tiny-invariant@1.3.3)
      clsx: 2.1.1
      goober: 2.1.16(csstype@3.1.3)
      react: 19.1.1
      react-dom: 19.1.1(react@19.1.1)
    optionalDependencies:
      csstype: 3.1.3
    transitivePeerDependencies:
      - '@tanstack/router-core'
      - solid-js
      - tiny-invariant

  '@tanstack/store@0.7.5': {}

  clsx@2.1.1: {}

  cookie-es@1.2.2: {}

  csstype@3.1.3: {}

  framer-motion@12.23.12(react-dom@19.1.1(react@19.1.1))(react@19.1.1):
    dependencies:
      motion-dom: 12.23.12
      motion-utils: 12.23.6
      tslib: 2.8.1
    optionalDependencies:
      react: 19.1.1
      react-dom: 19.1.1(react@19.1.1)

  goober@2.1.16(csstype@3.1.3):
    dependencies:
      csstype: 3.1.3

  howler@2.2.4: {}

  isbot@5.1.30: {}

  motion-dom@12.23.12:
    dependencies:
      motion-utils: 12.23.6

  motion-utils@12.23.6: {}

  react-dom@19.1.1(react@19.1.1):
    dependencies:
      react: 19.1.1
      scheduler: 0.26.0

  react@19.1.1: {}

  scheduler@0.26.0: {}

  seroval-plugins@1.3.3(seroval@1.3.2):
    dependencies:
      seroval: 1.3.2

  seroval@1.3.2: {}

  solid-js@1.9.9:
    dependencies:
      csstype: 3.1.3
      seroval: 1.3.2
      seroval-plugins: 1.3.3(seroval@1.3.2)

  tiny-invariant@1.3.3: {}

  tiny-warning@1.0.3: {}

  tslib@2.8.1: {}

  use-sync-external-store@1.5.0(react@19.1.1):
    dependencies:
      react: 19.1.1

  zustand@5.0.8(react@19.1.1)(use-sync-external-store@1.5.0(react@19.1.1)):
    optionalDependencies:
      react: 19.1.1
      use-sync-external-store: 1.5.0(react@19.1.1)
